
Microsoft Visual Studio Solution File, Format Version 12.00
# Visual Studio 14
VisualStudioVersion = 14.0.25420.1
MinimumVisualStudioVersion = 10.0.40219.1
Project("{FAE04EC0-301F-11D3-BF4B-00C04F79EFBC}") = "SanveoAIO", "SanveoAIO\SanveoAIO.csproj", "{7B5DF709-EBE6-4256-92DC-47A9D502A69F}"
EndProject
Project("{FAE04EC0-301F-11D3-BF4B-00C04F79EFBC}") = "SanveoAIO.Domain", "SanveoAIO.Domain\SanveoAIO.Domain.csproj", "{5D821990-2AF7-4398-BB76-62533B58D3D5}"
EndProject
Global
	GlobalSection(SolutionConfigurationPlatforms) = preSolution
		Debug|Any CPU = Debug|Any CPU
		Release|Any CPU = Release|Any CPU
	EndGlobalSection
	GlobalSection(ProjectConfigurationPlatforms) = postSolution
		{7B5DF709-EBE6-4256-92DC-47A9D502A69F}.Debug|Any CPU.ActiveCfg = Debug|Any CPU
		{7B5DF709-EBE6-4256-92DC-47A9D502A69F}.Debug|Any CPU.Build.0 = Debug|Any CPU
		{7B5DF709-EBE6-4256-92DC-47A9D502A69F}.Release|Any CPU.ActiveCfg = Release|Any CPU
		{7B5DF709-EBE6-4256-92DC-47A9D502A69F}.Release|Any CPU.Build.0 = Release|Any CPU
		{5D821990-2AF7-4398-BB76-62533B58D3D5}.Debug|Any CPU.ActiveCfg = Debug|Any CPU
		{5D821990-2AF7-4398-BB76-62533B58D3D5}.Debug|Any CPU.Build.0 = Debug|Any CPU
		{5D821990-2AF7-4398-BB76-62533B58D3D5}.Release|Any CPU.ActiveCfg = Release|Any CPU
		{5D821990-2AF7-4398-BB76-62533B58D3D5}.Release|Any CPU.Build.0 = Release|Any CPU
	EndGlobalSection
	GlobalSection(SolutionProperties) = preSolution
		HideSolutionNode = FALSE
	EndGlobalSection
	GlobalSection(TeamFoundationVersionControl) = preSolution
		SccNumberOfProjects = 3
		SccEnterpriseProvider = {4CA58AB2-18FA-4F8D-95D4-32DDF27D184C}
		SccTeamFoundationServer = https://sanveotech.visualstudio.com/
		SccLocalPath0 = .
		SccProjectUniqueName1 = SanveoAIO.Domain\\SanveoAIO.Domain.csproj
		SccProjectName1 = SanveoAIO.Domain
		SccLocalPath1 = SanveoAIO.Domain
		SccProjectUniqueName2 = SanveoAIO\\SanveoAIO.csproj
		SccProjectName2 = SanveoAIO
		SccLocalPath2 = SanveoAIO
	EndGlobalSection
EndGlobal
